<Solution>
  <Configurations>
    <Platform Name="Any CPU" />
    <Platform Name="x64" />
  </Configurations>
  <Project Path="CommImageControl/CommImageControl.csproj">
    <Platform Solution="*|x64" Project="x64" />
  </Project>
  <Project Path="YoloOnnxOCRWinform/YoloOnnxOCRWinform.csproj">
    <Platform Solution="*|x64" Project="x64" />
  </Project>
</Solution>
